{
  "requires": true,
  "lockfileVersion": 1,
  "dependencies": {
    "materialize-css": {
      "version": "1.0.0-rc.2",
      "resolved": "https://registry.npmjs.org/materialize-css/-/materialize-css-1.0.0-rc.2.tgz",
      "integrity": "sha512-FuQmSyq4Qv0ov7A2qXw0E6/jbQzSWx2P1pg2/XQDYTkkSc/GyiFAxu3fw9zgShwuTvyumEiw5jkxQWT9siqMBQ=="
    },
    "vee-validate": {
      "version": "3.3.9",
      "resolved": "https://registry.npmjs.org/vee-validate/-/vee-validate-3.3.9.tgz",
      "integrity": "sha512-0ibP+8dNU8XitkhcB5UBnVlHdPlUqFx6jGg4vNUN/lw5geVKBvgyo83y7YCvYA5iqQPgCnuQxsx8kTHa0d/Zyw=="
    },
    "vuelidate": {
      "version": "0.7.5",
      "resolved": "https://registry.npmjs.org/vuelidate/-/vuelidate-0.7.5.tgz",
      "integrity": "sha512-GAAG8QAFVp7BFeQlNaThpTbimq3+HypBPNwdkCkHZZeVaD5zmXXfhp357dcUJXHXTZjSln0PvP6wiwLZXkFTwg=="
    }
  }
}
